
Microsoft Visual Studio Solution File, Format Version 12.00
# Visual Studio 15
VisualStudioVersion = 15.0.27130.2027
MinimumVisualStudioVersion = 10.0.40219.1
Project("{FAE04EC0-301F-11D3-BF4B-00C04F79EFBC}") = "TCPImageSender", "TCPImageSender\TCPImageSender.csproj", "{FFB69254-833A-4948-8E75-1DBB8B2CDBF9}"
EndProject
Project("{FAE04EC0-301F-11D3-BF4B-00C04F79EFBC}") = "TCPImageReceiver", "TCPImageReceiver\TCPImageReceiver.csproj", "{F6ACCF2E-A240-40B5-805A-F36D2FA3F8B3}"
EndProject
Global
	GlobalSection(SolutionConfigurationPlatforms) = preSolution
		Debug|Any CPU = Debug|Any CPU
		Release|Any CPU = Release|Any CPU
	EndGlobalSection
	GlobalSection(ProjectConfigurationPlatforms) = postSolution
		{FFB69254-833A-4948-8E75-1DBB8B2CDBF9}.Debug|Any CPU.ActiveCfg = Debug|Any CPU
		{FFB69254-833A-4948-8E75-1DBB8B2CDBF9}.Debug|Any CPU.Build.0 = Debug|Any CPU
		{FFB69254-833A-4948-8E75-1DBB8B2CDBF9}.Release|Any CPU.ActiveCfg = Release|Any CPU
		{FFB69254-833A-4948-8E75-1DBB8B2CDBF9}.Release|Any CPU.Build.0 = Release|Any CPU
		{F6ACCF2E-A240-40B5-805A-F36D2FA3F8B3}.Debug|Any CPU.ActiveCfg = Debug|Any CPU
		{F6ACCF2E-A240-40B5-805A-F36D2FA3F8B3}.Debug|Any CPU.Build.0 = Debug|Any CPU
		{F6ACCF2E-A240-40B5-805A-F36D2FA3F8B3}.Release|Any CPU.ActiveCfg = Release|Any CPU
		{F6ACCF2E-A240-40B5-805A-F36D2FA3F8B3}.Release|Any CPU.Build.0 = Release|Any CPU
	EndGlobalSection
	GlobalSection(SolutionProperties) = preSolution
		HideSolutionNode = FALSE
	EndGlobalSection
	GlobalSection(ExtensibilityGlobals) = postSolution
		SolutionGuid = {C09A14D5-8759-4B07-B378-629ADCE9CBA4}
	EndGlobalSection
EndGlobal
